
Microsoft Visual Studio Solution File, Format Version 12.00
# Visual Studio Version 17
VisualStudioVersion = 17.8.34322.80
MinimumVisualStudioVersion = 10.0.40219.1
Project("{9A19103F-16F7-4668-BE54-9A1E7A4F7556}") = "RestaurantPageProject", "RestaurantPageProject\RestaurantPageProject.csproj", "{AC16D132-923A-4271-8121-BFB87BD03C68}"
EndProject
Global
	GlobalSection(SolutionConfigurationPlatforms) = preSolution
		Debug|Any CPU = Debug|Any CPU
		Release|Any CPU = Release|Any CPU
	EndGlobalSection
	GlobalSection(ProjectConfigurationPlatforms) = postSolution
		{AC16D132-923A-4271-8121-BFB87BD03C68}.Debug|Any CPU.ActiveCfg = Debug|Any CPU
		{AC16D132-923A-4271-8121-BFB87BD03C68}.Debug|Any CPU.Build.0 = Debug|Any CPU
		{AC16D132-923A-4271-8121-BFB87BD03C68}.Release|Any CPU.ActiveCfg = Release|Any CPU
		{AC16D132-923A-4271-8121-BFB87BD03C68}.Release|Any CPU.Build.0 = Release|Any CPU
	EndGlobalSection
	GlobalSection(SolutionProperties) = preSolution
		HideSolutionNode = FALSE
	EndGlobalSection
	GlobalSection(ExtensibilityGlobals) = postSolution
		SolutionGuid = {57BE73AC-A53E-49B4-8C38-07BB539D4A82}
	EndGlobalSection
EndGlobal
